
Microsoft Visual Studio Solution File, Format Version 12.00
Project("{FAE04EC0-301F-11D3-BF4B-00C04F79EFBC}") = "Bielu.BetterSearch.Core", "Bielu.BetterSearch.Core\Bielu.BetterSearch.Core.csproj", "{247ED332-0C49-4F46-A392-D4624E65764F}"
EndProject
Project("{FAE04EC0-301F-11D3-BF4B-00C04F79EFBC}") = "Bielu.BetterSearch.ElasticSearch", "Bielu.BetterSearch.ElasticSearch\Bielu.BetterSearch.ElasticSearch.csproj", "{0FFFD635-5F7B-4DEA-8617-D28DEFC2D090}"
EndProject
Project("{FAE04EC0-301F-11D3-BF4B-00C04F79EFBC}") = "Bielu.BetterSearch.Lifti", "Bielu.BetterSearch.Lifti\Bielu.BetterSearch.Lifti.csproj", "{0DDE6AD1-436A-476A-8892-A351F6A60A07}"
EndProject
Project("{FAE04EC0-301F-11D3-BF4B-00C04F79EFBC}") = "Bielu.BetterSearch.Abstractions", "Bielu.BetterSearch.Abstractions\Bielu.BetterSearch.Abstractions.csproj", "{C6947CED-6C2E-41D8-A146-2B6A67ABF62D}"
EndProject
Project("{FAE04EC0-301F-11D3-BF4B-00C04F79EFBC}") = "Bielu.BetterSearch.Models", "Bielu.BetterSearch.Models\Bielu.BetterSearch.Models.csproj", "{FB60C94C-91D1-489E-B5AD-22FCE58EACAD}"
EndProject
Project("{FAE04EC0-301F-11D3-BF4B-00C04F79EFBC}") = "Bielu.BetterSearch.FluentApi", "Bielu.BetterSearch.FluentApi\Bielu.BetterSearch.FluentApi.csproj", "{D49E1174-A812-40DF-B5FD-804F4EEEAA77}"
EndProject
Project("{2150E333-8FDC-42A3-9474-1A3956D46DE8}") = "Providers", "Providers", "{0F1CC831-4A28-4B01-86DC-D6446D08586C}"
EndProject
Project("{FAE04EC0-301F-11D3-BF4B-00C04F79EFBC}") = "Bielu.BetterSearch.Meilisearch", "Bielu.BetterSearch.Meilisearch\Bielu.BetterSearch.Meilisearch.csproj", "{E3BD852D-83CE-4453-8C9E-ED062D79712F}"
EndProject
Project("{FAE04EC0-301F-11D3-BF4B-00C04F79EFBC}") = "Bielu.BetterSearch.BaseTests", "Bielu.BetterSearch.BaseTests\Bielu.BetterSearch.BaseTests.csproj", "{0E3EDF62-96D0-4925-801E-EFD81169C2A9}"
EndProject
Project("{2150E333-8FDC-42A3-9474-1A3956D46DE8}") = "Tests", "Tests", "{7E1C1605-3F49-4DF6-ACCF-644C88579121}"
EndProject
Project("{2150E333-8FDC-42A3-9474-1A3956D46DE8}") = "Providers", "Providers", "{C2B3F11A-3FD3-46E7-A50A-0772A18774EA}"
EndProject
Project("{FAE04EC0-301F-11D3-BF4B-00C04F79EFBC}") = "Bielu.BetterSearch.ElasticSearch.Tests", "Bielu.BetterSearch.ElasticSearch.Tests\Bielu.BetterSearch.ElasticSearch.Tests.csproj", "{2AEC6A6B-AC97-4BBC-BA4A-AB09DA0070B2}"
EndProject
Project("{FAE04EC0-301F-11D3-BF4B-00C04F79EFBC}") = "Bielu.BetterSearch.Lifti.Tests", "Bielu.BetterSearch.Lifti.Tests\Bielu.BetterSearch.Lifti.Tests.csproj", "{05697E2B-31D0-4284-9FC9-0D34707CA489}"
EndProject
Global
	GlobalSection(SolutionConfigurationPlatforms) = preSolution
		Debug|Any CPU = Debug|Any CPU
		Release|Any CPU = Release|Any CPU
	EndGlobalSection
	GlobalSection(ProjectConfigurationPlatforms) = postSolution
		{247ED332-0C49-4F46-A392-D4624E65764F}.Debug|Any CPU.ActiveCfg = Debug|Any CPU
		{247ED332-0C49-4F46-A392-D4624E65764F}.Debug|Any CPU.Build.0 = Debug|Any CPU
		{247ED332-0C49-4F46-A392-D4624E65764F}.Release|Any CPU.ActiveCfg = Release|Any CPU
		{247ED332-0C49-4F46-A392-D4624E65764F}.Release|Any CPU.Build.0 = Release|Any CPU
		{0FFFD635-5F7B-4DEA-8617-D28DEFC2D090}.Debug|Any CPU.ActiveCfg = Debug|Any CPU
		{0FFFD635-5F7B-4DEA-8617-D28DEFC2D090}.Debug|Any CPU.Build.0 = Debug|Any CPU
		{0FFFD635-5F7B-4DEA-8617-D28DEFC2D090}.Release|Any CPU.ActiveCfg = Release|Any CPU
		{0FFFD635-5F7B-4DEA-8617-D28DEFC2D090}.Release|Any CPU.Build.0 = Release|Any CPU
		{0DDE6AD1-436A-476A-8892-A351F6A60A07}.Debug|Any CPU.ActiveCfg = Debug|Any CPU
		{0DDE6AD1-436A-476A-8892-A351F6A60A07}.Debug|Any CPU.Build.0 = Debug|Any CPU
		{0DDE6AD1-436A-476A-8892-A351F6A60A07}.Release|Any CPU.ActiveCfg = Release|Any CPU
		{0DDE6AD1-436A-476A-8892-A351F6A60A07}.Release|Any CPU.Build.0 = Release|Any CPU
		{C6947CED-6C2E-41D8-A146-2B6A67ABF62D}.Debug|Any CPU.ActiveCfg = Debug|Any CPU
		{C6947CED-6C2E-41D8-A146-2B6A67ABF62D}.Debug|Any CPU.Build.0 = Debug|Any CPU
		{C6947CED-6C2E-41D8-A146-2B6A67ABF62D}.Release|Any CPU.ActiveCfg = Release|Any CPU
		{C6947CED-6C2E-41D8-A146-2B6A67ABF62D}.Release|Any CPU.Build.0 = Release|Any CPU
		{FB60C94C-91D1-489E-B5AD-22FCE58EACAD}.Debug|Any CPU.ActiveCfg = Debug|Any CPU
		{FB60C94C-91D1-489E-B5AD-22FCE58EACAD}.Debug|Any CPU.Build.0 = Debug|Any CPU
		{FB60C94C-91D1-489E-B5AD-22FCE58EACAD}.Release|Any CPU.ActiveCfg = Release|Any CPU
		{FB60C94C-91D1-489E-B5AD-22FCE58EACAD}.Release|Any CPU.Build.0 = Release|Any CPU
		{D49E1174-A812-40DF-B5FD-804F4EEEAA77}.Debug|Any CPU.ActiveCfg = Debug|Any CPU
		{D49E1174-A812-40DF-B5FD-804F4EEEAA77}.Debug|Any CPU.Build.0 = Debug|Any CPU
		{D49E1174-A812-40DF-B5FD-804F4EEEAA77}.Release|Any CPU.ActiveCfg = Release|Any CPU
		{D49E1174-A812-40DF-B5FD-804F4EEEAA77}.Release|Any CPU.Build.0 = Release|Any CPU
		{E3BD852D-83CE-4453-8C9E-ED062D79712F}.Debug|Any CPU.ActiveCfg = Debug|Any CPU
		{E3BD852D-83CE-4453-8C9E-ED062D79712F}.Debug|Any CPU.Build.0 = Debug|Any CPU
		{E3BD852D-83CE-4453-8C9E-ED062D79712F}.Release|Any CPU.ActiveCfg = Release|Any CPU
		{E3BD852D-83CE-4453-8C9E-ED062D79712F}.Release|Any CPU.Build.0 = Release|Any CPU
		{0E3EDF62-96D0-4925-801E-EFD81169C2A9}.Debug|Any CPU.ActiveCfg = Debug|Any CPU
		{0E3EDF62-96D0-4925-801E-EFD81169C2A9}.Debug|Any CPU.Build.0 = Debug|Any CPU
		{0E3EDF62-96D0-4925-801E-EFD81169C2A9}.Release|Any CPU.ActiveCfg = Release|Any CPU
		{0E3EDF62-96D0-4925-801E-EFD81169C2A9}.Release|Any CPU.Build.0 = Release|Any CPU
		{2AEC6A6B-AC97-4BBC-BA4A-AB09DA0070B2}.Debug|Any CPU.ActiveCfg = Debug|Any CPU
		{2AEC6A6B-AC97-4BBC-BA4A-AB09DA0070B2}.Debug|Any CPU.Build.0 = Debug|Any CPU
		{2AEC6A6B-AC97-4BBC-BA4A-AB09DA0070B2}.Release|Any CPU.ActiveCfg = Release|Any CPU
		{2AEC6A6B-AC97-4BBC-BA4A-AB09DA0070B2}.Release|Any CPU.Build.0 = Release|Any CPU
		{05697E2B-31D0-4284-9FC9-0D34707CA489}.Debug|Any CPU.ActiveCfg = Debug|Any CPU
		{05697E2B-31D0-4284-9FC9-0D34707CA489}.Debug|Any CPU.Build.0 = Debug|Any CPU
		{05697E2B-31D0-4284-9FC9-0D34707CA489}.Release|Any CPU.ActiveCfg = Release|Any CPU
		{05697E2B-31D0-4284-9FC9-0D34707CA489}.Release|Any CPU.Build.0 = Release|Any CPU
	EndGlobalSection
	GlobalSection(NestedProjects) = preSolution
		{0FFFD635-5F7B-4DEA-8617-D28DEFC2D090} = {0F1CC831-4A28-4B01-86DC-D6446D08586C}
		{0DDE6AD1-436A-476A-8892-A351F6A60A07} = {0F1CC831-4A28-4B01-86DC-D6446D08586C}
		{E3BD852D-83CE-4453-8C9E-ED062D79712F} = {0F1CC831-4A28-4B01-86DC-D6446D08586C}
		{0E3EDF62-96D0-4925-801E-EFD81169C2A9} = {7E1C1605-3F49-4DF6-ACCF-644C88579121}
		{C2B3F11A-3FD3-46E7-A50A-0772A18774EA} = {7E1C1605-3F49-4DF6-ACCF-644C88579121}
		{2AEC6A6B-AC97-4BBC-BA4A-AB09DA0070B2} = {C2B3F11A-3FD3-46E7-A50A-0772A18774EA}
		{05697E2B-31D0-4284-9FC9-0D34707CA489} = {C2B3F11A-3FD3-46E7-A50A-0772A18774EA}
	EndGlobalSection
EndGlobal
